<?xml version="1.0" encoding="utf-8"?>
<Project ToolsVersion="4.0" xmlns="http://schemas.microsoft.com/developer/msbuild/2003">
  <ItemGroup>
    <Filter Include="资源文件">
      <UniqueIdentifier>{67DA6AB6-F800-4c08-8B7A-83BB121AAD01}</UniqueIdentifier>
      <Extensions>rc;ico;cur;bmp;dlg;rc2;rct;bin;rgs;gif;jpg;jpeg;jpe;resx;tiff;tif;png;wav;mfcribbon-ms</Extensions>
    </Filter>
    <Filter Include="Classes">
      <UniqueIdentifier>{05e53378-a0a8-447d-8195-1dbb25a15f6f}</UniqueIdentifier>
    </Filter>
    <Filter Include="win32">
      <UniqueIdentifier>{4FC737F1-C7A5-4376-A066-2A32D752A2FF}</UniqueIdentifier>
      <Extensions>cpp;c;cc;cxx;def;odl;idl;hpj;bat;asm;asmx</Extensions>
    </Filter>
    <Filter Include="Classes\Algorithm">
      <UniqueIdentifier>{e91c560b-9356-4e94-b834-2581d4a80b31}</UniqueIdentifier>
    </Filter>
  </ItemGroup>
  <ItemGroup>
    <ClCompile Include="proj.win32\main.cpp">
      <Filter>win32</Filter>
    </ClCompile>
    <ClCompile Include="proj.win32\stdafx.cpp">
      <Filter>win32</Filter>
    </ClCompile>
    <ClCompile Include="Classes\DrawLineAlgorithm\DrawLineInterface.cpp">
      <Filter>Classes\Algorithm</Filter>
    </ClCompile>
  </ItemGroup>
  <ItemGroup>
    <ClInclude Include="proj.win32\stdafx.h">
      <Filter>win32</Filter>
    </ClInclude>
    <ClInclude Include="proj.win32\targetver.h">
      <Filter>win32</Filter>
    </ClInclude>
    <ClInclude Include="Classes\00-DataDefinition.h">
      <Filter>Classes</Filter>
    </ClInclude>
    <ClInclude Include="Classes\01-Line clipping.h">
      <Filter>Classes</Filter>
    </ClInclude>
    <ClInclude Include="Classes\00-WindowsInit.h">
      <Filter>Classes</Filter>
    </ClInclude>
    <ClInclude Include="Classes\01-DrawLine.h">
      <Filter>Classes</Filter>
    </ClInclude>
    <ClInclude Include="Classes\DrawLineAlgorithm\DrawLineInterface.h">
      <Filter>Classes\Algorithm</Filter>
    </ClInclude>
    <ClInclude Include="Classes\DrawLineAlgorithm\Bresenham%27s line algorithm.h">
      <Filter>Classes\Algorithm</Filter>
    </ClInclude>
    <ClInclude Include="Classes\00-DataInit.h">
      <Filter>Classes</Filter>
    </ClInclude>
    <ClInclude Include="Classes\00-InputProcessing.h">
      <Filter>Classes</Filter>
    </ClInclude>
    <ClInclude Include="Classes\[zsj]-3D Coordinate System.h">
      <Filter>Classes</Filter>
    </ClInclude>
  </ItemGroup>
</Project>