
Microsoft Visual Studio Solution File, Format Version 12.00
# Visual Studio 2012
Project("{8BC9CEB8-8B4A-11D0-8D11-00A0C91BC942}") = "《BeginningOpenGLGameProgramming》", "《BeginningOpenGLGameProgramming》\proj.win32\《BeginningOpenGLGameProgramming》.vcxproj", "{E9CEA60C-0100-415F-B247-ACF6B0C338B6}"
EndProject
Project("{8BC9CEB8-8B4A-11D0-8D11-00A0C91BC942}") = "《OpenGL Programming Guide(8th)》", "《OpenGL Programming Guide(8th)》\proj.win32\《OpenGL Programming Guide(8th)》.vcxproj", "{7901E567-53E1-4423-9D79-60EF19F87EA1}"
EndProject
Project("{8BC9CEB8-8B4A-11D0-8D11-00A0C91BC942}") = "freeglut", "freeglut\freeglut.vcxproj", "{C4E1B1E8-8AA0-46AC-8B4B-05010E5194E2}"
EndProject
Project("{8BC9CEB8-8B4A-11D0-8D11-00A0C91BC942}") = "OpenGL_Summary", "OpenGL_Summary\proj.win32\OpenGL_Summary.vcxproj", "{AF9A85C8-286C-4CA3-A650-CCBE252B5091}"
EndProject
Global
	GlobalSection(SolutionConfigurationPlatforms) = preSolution
		Debug|Win32 = Debug|Win32
		Release|Win32 = Release|Win32
	EndGlobalSection
	GlobalSection(ProjectConfigurationPlatforms) = postSolution
		{E9CEA60C-0100-415F-B247-ACF6B0C338B6}.Debug|Win32.ActiveCfg = Debug|Win32
		{E9CEA60C-0100-415F-B247-ACF6B0C338B6}.Debug|Win32.Build.0 = Debug|Win32
		{E9CEA60C-0100-415F-B247-ACF6B0C338B6}.Release|Win32.ActiveCfg = Release|Win32
		{E9CEA60C-0100-415F-B247-ACF6B0C338B6}.Release|Win32.Build.0 = Release|Win32
		{7901E567-53E1-4423-9D79-60EF19F87EA1}.Debug|Win32.ActiveCfg = Debug|Win32
		{7901E567-53E1-4423-9D79-60EF19F87EA1}.Debug|Win32.Build.0 = Debug|Win32
		{7901E567-53E1-4423-9D79-60EF19F87EA1}.Release|Win32.ActiveCfg = Release|Win32
		{7901E567-53E1-4423-9D79-60EF19F87EA1}.Release|Win32.Build.0 = Release|Win32
		{C4E1B1E8-8AA0-46AC-8B4B-05010E5194E2}.Debug|Win32.ActiveCfg = Debug|Win32
		{C4E1B1E8-8AA0-46AC-8B4B-05010E5194E2}.Debug|Win32.Build.0 = Debug|Win32
		{C4E1B1E8-8AA0-46AC-8B4B-05010E5194E2}.Release|Win32.ActiveCfg = Release|Win32
		{C4E1B1E8-8AA0-46AC-8B4B-05010E5194E2}.Release|Win32.Build.0 = Release|Win32
		{AF9A85C8-286C-4CA3-A650-CCBE252B5091}.Debug|Win32.ActiveCfg = Debug|Win32
		{AF9A85C8-286C-4CA3-A650-CCBE252B5091}.Debug|Win32.Build.0 = Debug|Win32
		{AF9A85C8-286C-4CA3-A650-CCBE252B5091}.Release|Win32.ActiveCfg = Release|Win32
		{AF9A85C8-286C-4CA3-A650-CCBE252B5091}.Release|Win32.Build.0 = Release|Win32
	EndGlobalSection
	GlobalSection(SolutionProperties) = preSolution
		HideSolutionNode = FALSE
	EndGlobalSection
EndGlobal
