<?xml version="1.0" encoding="utf-8"?>
<Project ToolsVersion="4.0" xmlns="http://schemas.microsoft.com/developer/msbuild/2003">
  <ItemGroup>
    <Filter Include="资源文件">
      <UniqueIdentifier>{67DA6AB6-F800-4c08-8B7A-83BB121AAD01}</UniqueIdentifier>
      <Extensions>rc;ico;cur;bmp;dlg;rc2;rct;bin;rgs;gif;jpg;jpeg;jpe;resx;tiff;tif;png;wav;mfcribbon-ms</Extensions>
    </Filter>
    <Filter Include="win32">
      <UniqueIdentifier>{4FC737F1-C7A5-4376-A066-2A32D752A2FF}</UniqueIdentifier>
      <Extensions>cpp;c;cc;cxx;def;odl;idl;hpj;bat;asm;asmx</Extensions>
    </Filter>
    <Filter Include="Classes">
      <UniqueIdentifier>{e255263d-e5e4-4a13-abed-1bd42d25563c}</UniqueIdentifier>
    </Filter>
    <Filter Include="Classes\旋转">
      <UniqueIdentifier>{5387df84-c1d8-4709-9465-f42ebe36edb8}</UniqueIdentifier>
    </Filter>
    <Filter Include="Classes\窗口环境">
      <UniqueIdentifier>{5c7122fe-21fa-4c45-837b-3b326a67e8c9}</UniqueIdentifier>
    </Filter>
    <Filter Include="Classes\双缓冲">
      <UniqueIdentifier>{bf0bc955-725f-41e8-82aa-f50a059f6f73}</UniqueIdentifier>
    </Filter>
    <Filter Include="Classes\定时器">
      <UniqueIdentifier>{3fa73b65-11c4-4909-9cb2-e443a768d832}</UniqueIdentifier>
    </Filter>
    <Filter Include="Classes\多窗口">
      <UniqueIdentifier>{c844d7b3-9ff5-4e3d-9cc8-3b7b228be4e2}</UniqueIdentifier>
    </Filter>
    <Filter Include="Classes\00初始化">
      <UniqueIdentifier>{2c40758c-19ef-4b9b-b668-8711b9544077}</UniqueIdentifier>
    </Filter>
    <Filter Include="Classes\01改变窗体大小">
      <UniqueIdentifier>{8646f5ca-839f-45af-9111-e76a42135723}</UniqueIdentifier>
    </Filter>
    <Filter Include="Classes\02动画-绑定应用程序空闲时事件">
      <UniqueIdentifier>{de8b5d6f-82c3-49b2-aa52-5596a4d46174}</UniqueIdentifier>
    </Filter>
    <Filter Include="Classes\03键盘+特殊键">
      <UniqueIdentifier>{23a842d9-8d6e-4ddf-b4c0-5e056fe3c90b}</UniqueIdentifier>
    </Filter>
    <Filter Include="Classes\04移动镜头">
      <UniqueIdentifier>{228a5c6c-a824-4cdf-922f-b391ca145c87}</UniqueIdentifier>
    </Filter>
    <Filter Include="Classes\09矩阵变换">
      <UniqueIdentifier>{9b47053a-f4c1-4ba8-b02b-157e469c4907}</UniqueIdentifier>
    </Filter>
  </ItemGroup>
  <ItemGroup>
    <ClInclude Include="stdafx.h">
      <Filter>win32</Filter>
    </ClInclude>
    <ClInclude Include="targetver.h">
      <Filter>win32</Filter>
    </ClInclude>
    <ClInclude Include="..\Classes\01-windowsInit.h">
      <Filter>Classes\窗口环境</Filter>
    </ClInclude>
    <ClInclude Include="..\Classes\00-DataDefinition.h">
      <Filter>Classes\窗口环境</Filter>
    </ClInclude>
    <ClInclude Include="..\Classes\[glRotatef].h">
      <Filter>Classes\旋转</Filter>
    </ClInclude>
    <ClInclude Include="..\Classes\[glutSwapBuffers].h">
      <Filter>Classes\双缓冲</Filter>
    </ClInclude>
    <ClInclude Include="..\Classes\[glutDisplayFunc].h">
      <Filter>Classes\00初始化</Filter>
    </ClInclude>
    <ClInclude Include="..\Classes\[glutReshapeFunc].h">
      <Filter>Classes\01改变窗体大小</Filter>
    </ClInclude>
    <ClInclude Include="..\Classes\[glutIdleFunc].h">
      <Filter>Classes\02动画-绑定应用程序空闲时事件</Filter>
    </ClInclude>
    <ClInclude Include="..\Classes\[glutKeyboardFunc].h">
      <Filter>Classes\03键盘+特殊键</Filter>
    </ClInclude>
    <ClInclude Include="..\Classes\[gluLookAt].h">
      <Filter>Classes\04移动镜头</Filter>
    </ClInclude>
  </ItemGroup>
  <ItemGroup>
    <ClCompile Include="main.cpp">
      <Filter>win32</Filter>
    </ClCompile>
    <ClCompile Include="stdafx.cpp">
      <Filter>win32</Filter>
    </ClCompile>
    <ClCompile Include="..\Classes\01-windowsInit.cpp">
      <Filter>Classes\窗口环境</Filter>
    </ClCompile>
    <ClCompile Include="..\Classes\[glRotatef].cpp">
      <Filter>Classes\旋转</Filter>
    </ClCompile>
    <ClCompile Include="..\Classes\[glutSwapBuffers].cpp">
      <Filter>Classes\双缓冲</Filter>
    </ClCompile>
    <ClCompile Include="..\Classes\[glutDisplayFunc].cpp">
      <Filter>Classes\00初始化</Filter>
    </ClCompile>
    <ClCompile Include="..\Classes\[glutReshapeFunc].cpp">
      <Filter>Classes\01改变窗体大小</Filter>
    </ClCompile>
    <ClCompile Include="..\Classes\[glutIdleFunc].cpp">
      <Filter>Classes\02动画-绑定应用程序空闲时事件</Filter>
    </ClCompile>
    <ClCompile Include="..\Classes\[glutKeyboardFunc].cpp">
      <Filter>Classes\03键盘+特殊键</Filter>
    </ClCompile>
    <ClCompile Include="..\Classes\[gluLookAt].cpp">
      <Filter>Classes\04移动镜头</Filter>
    </ClCompile>
  </ItemGroup>
</Project>